lockfileVersion: 5.4

specifiers:
  vant: ^3.6.2

dependencies:
  vant: 3.6.2

packages:

  /@popperjs/core/2.11.6:
    resolution: {integrity: sha512-50/17A98tWUfQ176raKiOGXuYpLyyVMkxxG6oylzL3BPOlA6ADGdK7EYunSa4I064xerltq9TGXs8HmOk5E+vw==}
    dev: false

  /@vant/icons/1.8.0:
    resolution: {integrity: sha512-sKfEUo2/CkQFuERxvkuF6mGQZDKu3IQdj5rV9Fm0weJXtchDSSQ+zt8qPCNUEhh9Y8shy5PzxbvAfOOkCwlCXg==}
    dev: false

  /@vant/popperjs/1.2.1:
    resolution: {integrity: sha512-qzQlrPE4aOsBzfrktDVwzQy/QICCTKifmjrruhY58+Q2fobUYp/T9QINluIafzsD3VJwgP8+HFVLBsyDmy3VZQ==}
    dependencies:
      '@popperjs/core': 2.11.6
    dev: false

  /@vant/use/1.4.2:
    resolution: {integrity: sha512-+30mOa/FY26qk8Ag/Cmqb51JaOgE9rS1xDS24yDx4aHixMhTZH2QsuFGrQVPEazkeK8R+p14oW28kK3146Gtbg==}
    dev: false

  /vant/3.6.2:
    resolution: {integrity: sha512-nneQUL3kx+aSlKY5U9HQJxgnS3dy7vpLw4JF/F3x7lFYmAjvIHAQeX/NyqEGddrul47zj+ZHwyug/r6TzdzQ3g==}
    peerDependencies:
      vue: ^3.0.0
    dependencies:
      '@vant/icons': 1.8.0
      '@vant/popperjs': 1.2.1
      '@vant/use': 1.4.2
    dev: false
