# THIS IS AN AUTOGENERATED FILE. DO NOT EDIT THIS FILE DIRECTLY.
# yarn lockfile v1


"@popperjs/core@^2.9.2":
  version "2.11.6"
  resolved "https://registry.yarnpkg.com/@popperjs/core/-/core-2.11.6.tgz#cee20bd55e68a1720bdab363ecf0c821ded4cd45"
  integrity sha512-50/17A98tWUfQ176raKiOGXuYpLyyVMkxxG6oylzL3BPOlA6ADGdK7EYunSa4I064xerltq9TGXs8HmOk5E+vw==

"@vant/icons@^1.8.0":
  version "1.8.0"
  resolved "https://registry.yarnpkg.com/@vant/icons/-/icons-1.8.0.tgz#36b13f2e628b533f6523a93a168cf02f07056674"
  integrity sha512-sKfEUo2/CkQFuERxvkuF6mGQZDKu3IQdj5rV9Fm0weJXtchDSSQ+zt8qPCNUEhh9Y8shy5PzxbvAfOOkCwlCXg==

"@vant/popperjs@^1.2.1":
  version "1.2.1"
  resolved "https://registry.yarnpkg.com/@vant/popperjs/-/popperjs-1.2.1.tgz#1300c7c98573df577c21d3000712435edb8a877e"
  integrity sha512-qzQlrPE4aOsBzfrktDVwzQy/QICCTKifmjrruhY58+Q2fobUYp/T9QINluIafzsD3VJwgP8+HFVLBsyDmy3VZQ==
  dependencies:
    "@popperjs/core" "^2.9.2"

"@vant/use@^1.4.2":
  version "1.4.2"
  resolved "https://registry.yarnpkg.com/@vant/use/-/use-1.4.2.tgz#57e29f57b408b573a784793430891012a9e12d21"
  integrity sha512-+30mOa/FY26qk8Ag/Cmqb51JaOgE9rS1xDS24yDx4aHixMhTZH2QsuFGrQVPEazkeK8R+p14oW28kK3146Gtbg==

vant@^3.6.2:
  version "3.6.2"
  resolved "https://registry.yarnpkg.com/vant/-/vant-3.6.2.tgz#00192b762ffd19984e029875b8d1855b06945468"
  integrity sha512-nneQUL3kx+aSlKY5U9HQJxgnS3dy7vpLw4JF/F3x7lFYmAjvIHAQeX/NyqEGddrul47zj+ZHwyug/r6TzdzQ3g==
  dependencies:
    "@vant/icons" "^1.8.0"
    "@vant/popperjs" "^1.2.1"
    "@vant/use" "^1.4.2"
